
Microsoft Visual Studio Solution File, Format Version 12.00
# Visual Studio Version 17
VisualStudioVersion = 17.1.32210.238
MinimumVisualStudioVersion = 10.0.40219.1
Project("{FAE04EC0-301F-11D3-BF4B-00C04F79EFBC}") = "LessonHW11", "LessonHW11\LessonHW11.csproj", "{0A665F23-E41E-4937-B38A-3AF5A8AD3A5D}"
EndProject
Global
	GlobalSection(SolutionConfigurationPlatforms) = preSolution
		Debug|Any CPU = Debug|Any CPU
		Release|Any CPU = Release|Any CPU
	EndGlobalSection
	GlobalSection(ProjectConfigurationPlatforms) = postSolution
		{0A665F23-E41E-4937-B38A-3AF5A8AD3A5D}.Debug|Any CPU.ActiveCfg = Debug|Any CPU
		{0A665F23-E41E-4937-B38A-3AF5A8AD3A5D}.Debug|Any CPU.Build.0 = Debug|Any CPU
		{0A665F23-E41E-4937-B38A-3AF5A8AD3A5D}.Release|Any CPU.ActiveCfg = Release|Any CPU
		{0A665F23-E41E-4937-B38A-3AF5A8AD3A5D}.Release|Any CPU.Build.0 = Release|Any CPU
	EndGlobalSection
	GlobalSection(SolutionProperties) = preSolution
		HideSolutionNode = FALSE
	EndGlobalSection
	GlobalSection(ExtensibilityGlobals) = postSolution
		SolutionGuid = {86814339-BC76-4000-AFE2-951271B6295A}
	EndGlobalSection
EndGlobal
